<Solution>
  <Project Path="aula01/aula01.csproj" />
  <Project Path="aula02/aula02.csproj" />
  <Project Path="aula03/aula03.csproj" Id="1e783628-3432-4fb0-87fa-d60b590169d5" />
  <Project Path="aula04/aula04.csproj" Id="f43e9f49-48fb-4041-840f-ffec5b320c60" />
  <Project Path="aula05/aula05.csproj" Id="cf4c35a5-3cd7-419b-942a-97c510a42d43" />
  <Project Path="aula06/aula06.csproj" Id="50940bb3-3323-4145-83c0-356de965feaf" />
  <Project Path="aula07/aula07.csproj" Id="d2bdf792-dfab-4f6e-bbfe-8cd48b63ee9f" />
  <Project Path="aula08/aula08.csproj" Id="4c193e61-08ef-466d-8266-94108078a511" />
  <Project Path="aula10/aula10.csproj" Id="b35276a2-dc12-4fad-aba8-ec0e473fe283" />
  <Project Path="aula11/aula11.csproj" Id="15025258-d5aa-4767-b2e9-82cd9998654e" />
</Solution>
